
Microsoft Visual Studio Solution File, Format Version 12.00
# Visual Studio Version 17
VisualStudioVersion = 17.7.34024.191
MinimumVisualStudioVersion = 10.0.40219.1
Project("{9A19103F-16F7-4668-BE54-9A1E7A4F7556}") = "Course2ConsoleCore", "Course2ConsoleCore\Course2ConsoleCore.csproj", "{87CF50B5-612D-4F07-BDCA-E0907C705CDB}"
EndProject
Project("{9A19103F-16F7-4668-BE54-9A1E7A4F7556}") = "Course2ConsoleCore5", "Course2ConsoleCore5\Course2ConsoleCore5.csproj", "{8255D9B7-14A4-42B9-8DD9-5B448EC29185}"
EndProject
Project("{9A19103F-16F7-4668-BE54-9A1E7A4F7556}") = "ClassLibrary1", "ClassLibrary1\ClassLibrary1.csproj", "{618885F3-31BA-4008-BA2B-9D2F009DB7DB}"
EndProject
Project("{9A19103F-16F7-4668-BE54-9A1E7A4F7556}") = "WorkWithFiles", "WorkWithFiles\WorkWithFiles.csproj", "{79723BA9-FFCA-494D-BE1D-8348C15B272F}"
EndProject
Project("{9A19103F-16F7-4668-BE54-9A1E7A4F7556}") = "ConsoleApp1", "ConsoleApp1\ConsoleApp1.csproj", "{33224970-5BB2-49D4-A02C-D5E237E7A07B}"
EndProject
Project("{9A19103F-16F7-4668-BE54-9A1E7A4F7556}") = "ConsoleAppDatabase", "ConsoleAppDatabase\ConsoleAppDatabase.csproj", "{1380044E-EEFF-4A2D-B61B-2405BE34494F}"
EndProject
Project("{9A19103F-16F7-4668-BE54-9A1E7A4F7556}") = "Course2.DB", "Course2.DB\Course2.DB.csproj", "{B3450CFD-8C71-484C-AB6E-F62615D738BF}"
EndProject
Project("{9A19103F-16F7-4668-BE54-9A1E7A4F7556}") = "WinFormDBsNew", "WinFormDBsNew\WinFormDBsNew.csproj", "{C40F6DB9-4816-4C85-A54A-949E5066ABC9}"
EndProject
Project("{FAE04EC0-301F-11D3-BF4B-00C04F79EFBC}") = "WinFormDBsOld", "WinFormDBsOld\WinFormDBsOld.csproj", "{D7A352B4-1B0C-4361-AB87-CD31B119AA20}"
EndProject
Project("{9A19103F-16F7-4668-BE54-9A1E7A4F7556}") = "InfoBindingApp", "InfoBindingApp\InfoBindingApp.csproj", "{1AE471E5-862D-4724-986C-2C9388058583}"
EndProject
Project("{9A19103F-16F7-4668-BE54-9A1E7A4F7556}") = "Fighting", "Fighting\Fighting.csproj", "{82CD9803-4C1D-46F1-B710-0FC7BDFA9458}"
EndProject
Project("{9A19103F-16F7-4668-BE54-9A1E7A4F7556}") = "AppStackAndQueue", "AppStackAndQueue\AppStackAndQueue.csproj", "{03E95342-059C-4D54-808C-9652D776222C}"
EndProject
Project("{9A19103F-16F7-4668-BE54-9A1E7A4F7556}") = "DelegatesEventsLib", "DelegatesEventsLib\DelegatesEventsLib.csproj", "{DEECF480-AC25-4B40-909F-B42BBCED9882}"
EndProject
Project("{9A19103F-16F7-4668-BE54-9A1E7A4F7556}") = "DelegatesEventsApp", "DelegatesEventsApp\DelegatesEventsApp.csproj", "{368A6592-82F5-4D3D-A35E-80584870CAE1}"
EndProject
Project("{9A19103F-16F7-4668-BE54-9A1E7A4F7556}") = "ConsoleAppTest1", "ConsoleAppTest1\ConsoleAppTest1.csproj", "{8D1F3DEE-0BEA-4647-94C3-2AA3004962EE}"
EndProject
Project("{9A19103F-16F7-4668-BE54-9A1E7A4F7556}") = "Deleagates", "Deleagates\Deleagates.csproj", "{094E7298-821B-44F1-A540-24C2F1D9B403}"
EndProject
Project("{FAE04EC0-301F-11D3-BF4B-00C04F79EFBC}") = "ThreadsApp", "ThreadsApp\ThreadsApp.csproj", "{95E8DA9A-E641-4ACF-9339-547C1815FF2D}"
EndProject
Global
	GlobalSection(SolutionConfigurationPlatforms) = preSolution
		Debug|Any CPU = Debug|Any CPU
		Release|Any CPU = Release|Any CPU
	EndGlobalSection
	GlobalSection(ProjectConfigurationPlatforms) = postSolution
		{87CF50B5-612D-4F07-BDCA-E0907C705CDB}.Debug|Any CPU.ActiveCfg = Debug|Any CPU
		{87CF50B5-612D-4F07-BDCA-E0907C705CDB}.Debug|Any CPU.Build.0 = Debug|Any CPU
		{87CF50B5-612D-4F07-BDCA-E0907C705CDB}.Release|Any CPU.ActiveCfg = Release|Any CPU
		{87CF50B5-612D-4F07-BDCA-E0907C705CDB}.Release|Any CPU.Build.0 = Release|Any CPU
		{8255D9B7-14A4-42B9-8DD9-5B448EC29185}.Debug|Any CPU.ActiveCfg = Debug|Any CPU
		{8255D9B7-14A4-42B9-8DD9-5B448EC29185}.Debug|Any CPU.Build.0 = Debug|Any CPU
		{8255D9B7-14A4-42B9-8DD9-5B448EC29185}.Release|Any CPU.ActiveCfg = Release|Any CPU
		{8255D9B7-14A4-42B9-8DD9-5B448EC29185}.Release|Any CPU.Build.0 = Release|Any CPU
		{618885F3-31BA-4008-BA2B-9D2F009DB7DB}.Debug|Any CPU.ActiveCfg = Debug|Any CPU
		{618885F3-31BA-4008-BA2B-9D2F009DB7DB}.Debug|Any CPU.Build.0 = Debug|Any CPU
		{618885F3-31BA-4008-BA2B-9D2F009DB7DB}.Release|Any CPU.ActiveCfg = Release|Any CPU
		{618885F3-31BA-4008-BA2B-9D2F009DB7DB}.Release|Any CPU.Build.0 = Release|Any CPU
		{79723BA9-FFCA-494D-BE1D-8348C15B272F}.Debug|Any CPU.ActiveCfg = Debug|Any CPU
		{79723BA9-FFCA-494D-BE1D-8348C15B272F}.Debug|Any CPU.Build.0 = Debug|Any CPU
		{79723BA9-FFCA-494D-BE1D-8348C15B272F}.Release|Any CPU.ActiveCfg = Release|Any CPU
		{79723BA9-FFCA-494D-BE1D-8348C15B272F}.Release|Any CPU.Build.0 = Release|Any CPU
		{33224970-5BB2-49D4-A02C-D5E237E7A07B}.Debug|Any CPU.ActiveCfg = Debug|Any CPU
		{33224970-5BB2-49D4-A02C-D5E237E7A07B}.Debug|Any CPU.Build.0 = Debug|Any CPU
		{33224970-5BB2-49D4-A02C-D5E237E7A07B}.Release|Any CPU.ActiveCfg = Release|Any CPU
		{33224970-5BB2-49D4-A02C-D5E237E7A07B}.Release|Any CPU.Build.0 = Release|Any CPU
		{1380044E-EEFF-4A2D-B61B-2405BE34494F}.Debug|Any CPU.ActiveCfg = Debug|Any CPU
		{1380044E-EEFF-4A2D-B61B-2405BE34494F}.Debug|Any CPU.Build.0 = Debug|Any CPU
		{1380044E-EEFF-4A2D-B61B-2405BE34494F}.Release|Any CPU.ActiveCfg = Release|Any CPU
		{1380044E-EEFF-4A2D-B61B-2405BE34494F}.Release|Any CPU.Build.0 = Release|Any CPU
		{B3450CFD-8C71-484C-AB6E-F62615D738BF}.Debug|Any CPU.ActiveCfg = Debug|Any CPU
		{B3450CFD-8C71-484C-AB6E-F62615D738BF}.Debug|Any CPU.Build.0 = Debug|Any CPU
		{B3450CFD-8C71-484C-AB6E-F62615D738BF}.Release|Any CPU.ActiveCfg = Release|Any CPU
		{B3450CFD-8C71-484C-AB6E-F62615D738BF}.Release|Any CPU.Build.0 = Release|Any CPU
		{C40F6DB9-4816-4C85-A54A-949E5066ABC9}.Debug|Any CPU.ActiveCfg = Debug|Any CPU
		{C40F6DB9-4816-4C85-A54A-949E5066ABC9}.Debug|Any CPU.Build.0 = Debug|Any CPU
		{C40F6DB9-4816-4C85-A54A-949E5066ABC9}.Release|Any CPU.ActiveCfg = Release|Any CPU
		{C40F6DB9-4816-4C85-A54A-949E5066ABC9}.Release|Any CPU.Build.0 = Release|Any CPU
		{D7A352B4-1B0C-4361-AB87-CD31B119AA20}.Debug|Any CPU.ActiveCfg = Debug|Any CPU
		{D7A352B4-1B0C-4361-AB87-CD31B119AA20}.Debug|Any CPU.Build.0 = Debug|Any CPU
		{D7A352B4-1B0C-4361-AB87-CD31B119AA20}.Release|Any CPU.ActiveCfg = Release|Any CPU
		{D7A352B4-1B0C-4361-AB87-CD31B119AA20}.Release|Any CPU.Build.0 = Release|Any CPU
		{1AE471E5-862D-4724-986C-2C9388058583}.Debug|Any CPU.ActiveCfg = Debug|Any CPU
		{1AE471E5-862D-4724-986C-2C9388058583}.Debug|Any CPU.Build.0 = Debug|Any CPU
		{1AE471E5-862D-4724-986C-2C9388058583}.Release|Any CPU.ActiveCfg = Release|Any CPU
		{1AE471E5-862D-4724-986C-2C9388058583}.Release|Any CPU.Build.0 = Release|Any CPU
		{82CD9803-4C1D-46F1-B710-0FC7BDFA9458}.Debug|Any CPU.ActiveCfg = Debug|Any CPU
		{82CD9803-4C1D-46F1-B710-0FC7BDFA9458}.Debug|Any CPU.Build.0 = Debug|Any CPU
		{82CD9803-4C1D-46F1-B710-0FC7BDFA9458}.Release|Any CPU.ActiveCfg = Release|Any CPU
		{82CD9803-4C1D-46F1-B710-0FC7BDFA9458}.Release|Any CPU.Build.0 = Release|Any CPU
		{03E95342-059C-4D54-808C-9652D776222C}.Debug|Any CPU.ActiveCfg = Debug|Any CPU
		{03E95342-059C-4D54-808C-9652D776222C}.Debug|Any CPU.Build.0 = Debug|Any CPU
		{03E95342-059C-4D54-808C-9652D776222C}.Release|Any CPU.ActiveCfg = Release|Any CPU
		{03E95342-059C-4D54-808C-9652D776222C}.Release|Any CPU.Build.0 = Release|Any CPU
		{DEECF480-AC25-4B40-909F-B42BBCED9882}.Debug|Any CPU.ActiveCfg = Debug|Any CPU
		{DEECF480-AC25-4B40-909F-B42BBCED9882}.Debug|Any CPU.Build.0 = Debug|Any CPU
		{DEECF480-AC25-4B40-909F-B42BBCED9882}.Release|Any CPU.ActiveCfg = Release|Any CPU
		{DEECF480-AC25-4B40-909F-B42BBCED9882}.Release|Any CPU.Build.0 = Release|Any CPU
		{368A6592-82F5-4D3D-A35E-80584870CAE1}.Debug|Any CPU.ActiveCfg = Debug|Any CPU
		{368A6592-82F5-4D3D-A35E-80584870CAE1}.Debug|Any CPU.Build.0 = Debug|Any CPU
		{368A6592-82F5-4D3D-A35E-80584870CAE1}.Release|Any CPU.ActiveCfg = Release|Any CPU
		{368A6592-82F5-4D3D-A35E-80584870CAE1}.Release|Any CPU.Build.0 = Release|Any CPU
		{8D1F3DEE-0BEA-4647-94C3-2AA3004962EE}.Debug|Any CPU.ActiveCfg = Debug|Any CPU
		{8D1F3DEE-0BEA-4647-94C3-2AA3004962EE}.Debug|Any CPU.Build.0 = Debug|Any CPU
		{8D1F3DEE-0BEA-4647-94C3-2AA3004962EE}.Release|Any CPU.ActiveCfg = Release|Any CPU
		{8D1F3DEE-0BEA-4647-94C3-2AA3004962EE}.Release|Any CPU.Build.0 = Release|Any CPU
		{094E7298-821B-44F1-A540-24C2F1D9B403}.Debug|Any CPU.ActiveCfg = Debug|Any CPU
		{094E7298-821B-44F1-A540-24C2F1D9B403}.Debug|Any CPU.Build.0 = Debug|Any CPU
		{094E7298-821B-44F1-A540-24C2F1D9B403}.Release|Any CPU.ActiveCfg = Release|Any CPU
		{094E7298-821B-44F1-A540-24C2F1D9B403}.Release|Any CPU.Build.0 = Release|Any CPU
		{95E8DA9A-E641-4ACF-9339-547C1815FF2D}.Debug|Any CPU.ActiveCfg = Debug|Any CPU
		{95E8DA9A-E641-4ACF-9339-547C1815FF2D}.Debug|Any CPU.Build.0 = Debug|Any CPU
		{95E8DA9A-E641-4ACF-9339-547C1815FF2D}.Release|Any CPU.ActiveCfg = Release|Any CPU
		{95E8DA9A-E641-4ACF-9339-547C1815FF2D}.Release|Any CPU.Build.0 = Release|Any CPU
	EndGlobalSection
	GlobalSection(SolutionProperties) = preSolution
		HideSolutionNode = FALSE
	EndGlobalSection
	GlobalSection(ExtensibilityGlobals) = postSolution
		SolutionGuid = {9D70984C-A067-4945-8547-93FB7A7977D6}
	EndGlobalSection
EndGlobal
